
Microsoft Visual Studio Solution File, Format Version 12.00
Project("{FAE04EC0-301F-11D3-BF4B-00C04F79EFBC}") = "Api", "Api\Api.csproj", "{E3AD1C6D-C67B-4DA3-B349-25B1DA82E60D}"
EndProject
Global
	GlobalSection(SolutionConfigurationPlatforms) = preSolution
		Debug|Any CPU = Debug|Any CPU
		Release|Any CPU = Release|Any CPU
	EndGlobalSection
	GlobalSection(ProjectConfigurationPlatforms) = postSolution
		{E3AD1C6D-C67B-4DA3-B349-25B1DA82E60D}.Debug|Any CPU.ActiveCfg = Debug|Any CPU
		{E3AD1C6D-C67B-4DA3-B349-25B1DA82E60D}.Debug|Any CPU.Build.0 = Debug|Any CPU
		{E3AD1C6D-C67B-4DA3-B349-25B1DA82E60D}.Release|Any CPU.ActiveCfg = Release|Any CPU
		{E3AD1C6D-C67B-4DA3-B349-25B1DA82E60D}.Release|Any CPU.Build.0 = Release|Any CPU
	EndGlobalSection
EndGlobal
